
Microsoft Visual Studio Solution File, Format Version 11.00
# Visual Studio 2010
Project("{8BC9CEB8-8B4A-11D0-8D11-00A0C91BC942}") = "rt", "rt.vcxproj", "{D0242528-0B9C-436F-8E26-44F67E6D45B9}"
EndProject
Global
	GlobalSection(SolutionConfigurationPlatforms) = preSolution
		Debug|Win32 = Debug|Win32
		Release|Win32 = Release|Win32
	EndGlobalSection
	GlobalSection(ProjectConfigurationPlatforms) = postSolution
		{D0242528-0B9C-436F-8E26-44F67E6D45B9}.Debug|Win32.ActiveCfg = Debug|Win32
		{D0242528-0B9C-436F-8E26-44F67E6D45B9}.Debug|Win32.Build.0 = Debug|Win32
		{D0242528-0B9C-436F-8E26-44F67E6D45B9}.Release|Win32.ActiveCfg = Release|Win32
		{D0242528-0B9C-436F-8E26-44F67E6D45B9}.Release|Win32.Build.0 = Release|Win32
	EndGlobalSection
	GlobalSection(SolutionProperties) = preSolution
		HideSolutionNode = FALSE
	EndGlobalSection
EndGlobal
